
Microsoft Visual Studio Solution File, Format Version 12.00
# Visual Studio Version 17
VisualStudioVersion = 17.0.31903.59
MinimumVisualStudioVersion = 10.0.40219.1
Project("{2150E333-8FDC-42A3-9474-1A3956D46DE8}") = "src", "src", "{827E0CD3-B72D-47B6-A68D-7590B98EB39B}"
EndProject
Project("{FAE04EC0-301F-11D3-BF4B-00C04F79EFBC}") = "BlogDoFT.Libs.ResultPattern", "src\BlogDoFT.Libs.ResultPattern\BlogDoFT.Libs.ResultPattern.csproj", "{C6AF4AC2-73BD-464A-BA62-7098F541CF47}"
EndProject
Project("{2150E333-8FDC-42A3-9474-1A3956D46DE8}") = "__tests__", "__tests__", "{79DEDDC6-6963-F508-0BD2-ED747C83B0CE}"
EndProject
Project("{FAE04EC0-301F-11D3-BF4B-00C04F79EFBC}") = "BlogDoFT.Libs.ResultPattern.Tests", "__tests__\BlogDoFT.Libs.ResultPattern.Tests\BlogDoFT.Libs.ResultPattern.Tests.csproj", "{EC32F8DD-9E79-499A-825D-5062ABA89DE5}"
EndProject
Project("{FAE04EC0-301F-11D3-BF4B-00C04F79EFBC}") = "BlogDoFT.Libs.DapperUtils.Abstractions", "src\BlogDoFT.Libs.DapperUtils.Abstractions\BlogDoFT.Libs.DapperUtils.Abstractions.csproj", "{882AEFA4-5267-482D-95A9-24ECF88090AD}"
EndProject
Project("{FAE04EC0-301F-11D3-BF4B-00C04F79EFBC}") = "BlogDoFT.Libs.DapperUtils.Abstractions.Tests", "__tests__\BlogDoFT.Libs.DapperUtils.Abstractions.Tests\BlogDoFT.Libs.DapperUtils.Abstractions.Tests.csproj", "{AEDAA885-FF11-41CB-996F-23F73E8837D3}"
EndProject
Project("{FAE04EC0-301F-11D3-BF4B-00C04F79EFBC}") = "BlogDoFT.Libs.DapperUtils.Postgres", "src\BlogDoFT.Libs.DapperUtils.Postgres\BlogDoFT.Libs.DapperUtils.Postgres.csproj", "{93AB6AAC-2177-4D5A-9662-A6BEA7FD6D9E}"
EndProject
Project("{FAE04EC0-301F-11D3-BF4B-00C04F79EFBC}") = "BlogDoFT.Libs.Extensions", "src\BlogDoFT.Libs.Extensions\BlogDoFT.Libs.Extensions.csproj", "{F270DC2D-75B8-4548-8C8E-7AECD5EDAA64}"
EndProject
Project("{FAE04EC0-301F-11D3-BF4B-00C04F79EFBC}") = "BlogDoFT.Libs.Extensions.Tests", "__tests__\BlogDoFT.Libs.Extensions.Tests\BlogDoFT.Libs.Extensions.Tests.csproj", "{5DB79594-0E69-433B-8C52-77AACDA17BEA}"
EndProject
Project("{FAE04EC0-301F-11D3-BF4B-00C04F79EFBC}") = "BlogDoFT.Libs.DapperUtils.Postgres.Tests", "__tests__\BlogDoFT.Libs.DapperUtils.Postgres.Tests\BlogDoFT.Libs.DapperUtils.Postgres.Tests.csproj", "{8D60B45F-F730-418E-AA09-7430E039394A}"
EndProject
Project("{FAE04EC0-301F-11D3-BF4B-00C04F79EFBC}") = "BlogDoFT.Libs.WarmUp", "src\BlogDoFT.Libs.WarmUp\BlogDoFT.Libs.WarmUp.csproj", "{A93F6FBB-5A74-45D7-B207-5BDA5B6A5364}"
EndProject
Project("{FAE04EC0-301F-11D3-BF4B-00C04F79EFBC}") = "BlogDoFT.Libs.WarmUp.Tests", "__tests__\BlogDoFT.Libs.WarmUp.Tests\BlogDoFT.Libs.WarmUp.Tests.csproj", "{ACEF3653-C362-43D8-9654-A601B7FFE3A7}"
EndProject
Global
	GlobalSection(SolutionConfigurationPlatforms) = preSolution
		Debug|Any CPU = Debug|Any CPU
		Debug|x64 = Debug|x64
		Debug|x86 = Debug|x86
		Release|Any CPU = Release|Any CPU
		Release|x64 = Release|x64
		Release|x86 = Release|x86
	EndGlobalSection
	GlobalSection(ProjectConfigurationPlatforms) = postSolution
		{C6AF4AC2-73BD-464A-BA62-7098F541CF47}.Debug|Any CPU.ActiveCfg = Debug|Any CPU
		{C6AF4AC2-73BD-464A-BA62-7098F541CF47}.Debug|Any CPU.Build.0 = Debug|Any CPU
		{C6AF4AC2-73BD-464A-BA62-7098F541CF47}.Debug|x64.ActiveCfg = Debug|Any CPU
		{C6AF4AC2-73BD-464A-BA62-7098F541CF47}.Debug|x64.Build.0 = Debug|Any CPU
		{C6AF4AC2-73BD-464A-BA62-7098F541CF47}.Debug|x86.ActiveCfg = Debug|Any CPU
		{C6AF4AC2-73BD-464A-BA62-7098F541CF47}.Debug|x86.Build.0 = Debug|Any CPU
		{C6AF4AC2-73BD-464A-BA62-7098F541CF47}.Release|Any CPU.ActiveCfg = Release|Any CPU
		{C6AF4AC2-73BD-464A-BA62-7098F541CF47}.Release|Any CPU.Build.0 = Release|Any CPU
		{C6AF4AC2-73BD-464A-BA62-7098F541CF47}.Release|x64.ActiveCfg = Release|Any CPU
		{C6AF4AC2-73BD-464A-BA62-7098F541CF47}.Release|x64.Build.0 = Release|Any CPU
		{C6AF4AC2-73BD-464A-BA62-7098F541CF47}.Release|x86.ActiveCfg = Release|Any CPU
		{C6AF4AC2-73BD-464A-BA62-7098F541CF47}.Release|x86.Build.0 = Release|Any CPU
		{EC32F8DD-9E79-499A-825D-5062ABA89DE5}.Debug|Any CPU.ActiveCfg = Debug|Any CPU
		{EC32F8DD-9E79-499A-825D-5062ABA89DE5}.Debug|Any CPU.Build.0 = Debug|Any CPU
		{EC32F8DD-9E79-499A-825D-5062ABA89DE5}.Debug|x64.ActiveCfg = Debug|Any CPU
		{EC32F8DD-9E79-499A-825D-5062ABA89DE5}.Debug|x64.Build.0 = Debug|Any CPU
		{EC32F8DD-9E79-499A-825D-5062ABA89DE5}.Debug|x86.ActiveCfg = Debug|Any CPU
		{EC32F8DD-9E79-499A-825D-5062ABA89DE5}.Debug|x86.Build.0 = Debug|Any CPU
		{EC32F8DD-9E79-499A-825D-5062ABA89DE5}.Release|Any CPU.ActiveCfg = Release|Any CPU
		{EC32F8DD-9E79-499A-825D-5062ABA89DE5}.Release|Any CPU.Build.0 = Release|Any CPU
		{EC32F8DD-9E79-499A-825D-5062ABA89DE5}.Release|x64.ActiveCfg = Release|Any CPU
		{EC32F8DD-9E79-499A-825D-5062ABA89DE5}.Release|x64.Build.0 = Release|Any CPU
		{EC32F8DD-9E79-499A-825D-5062ABA89DE5}.Release|x86.ActiveCfg = Release|Any CPU
		{EC32F8DD-9E79-499A-825D-5062ABA89DE5}.Release|x86.Build.0 = Release|Any CPU
		{882AEFA4-5267-482D-95A9-24ECF88090AD}.Debug|Any CPU.ActiveCfg = Debug|Any CPU
		{882AEFA4-5267-482D-95A9-24ECF88090AD}.Debug|Any CPU.Build.0 = Debug|Any CPU
		{882AEFA4-5267-482D-95A9-24ECF88090AD}.Debug|x64.ActiveCfg = Debug|Any CPU
		{882AEFA4-5267-482D-95A9-24ECF88090AD}.Debug|x64.Build.0 = Debug|Any CPU
		{882AEFA4-5267-482D-95A9-24ECF88090AD}.Debug|x86.ActiveCfg = Debug|Any CPU
		{882AEFA4-5267-482D-95A9-24ECF88090AD}.Debug|x86.Build.0 = Debug|Any CPU
		{882AEFA4-5267-482D-95A9-24ECF88090AD}.Release|Any CPU.ActiveCfg = Release|Any CPU
		{882AEFA4-5267-482D-95A9-24ECF88090AD}.Release|Any CPU.Build.0 = Release|Any CPU
		{882AEFA4-5267-482D-95A9-24ECF88090AD}.Release|x64.ActiveCfg = Release|Any CPU
		{882AEFA4-5267-482D-95A9-24ECF88090AD}.Release|x64.Build.0 = Release|Any CPU
		{882AEFA4-5267-482D-95A9-24ECF88090AD}.Release|x86.ActiveCfg = Release|Any CPU
		{882AEFA4-5267-482D-95A9-24ECF88090AD}.Release|x86.Build.0 = Release|Any CPU
		{AEDAA885-FF11-41CB-996F-23F73E8837D3}.Debug|Any CPU.ActiveCfg = Debug|Any CPU
		{AEDAA885-FF11-41CB-996F-23F73E8837D3}.Debug|Any CPU.Build.0 = Debug|Any CPU
		{AEDAA885-FF11-41CB-996F-23F73E8837D3}.Debug|x64.ActiveCfg = Debug|Any CPU
		{AEDAA885-FF11-41CB-996F-23F73E8837D3}.Debug|x64.Build.0 = Debug|Any CPU
		{AEDAA885-FF11-41CB-996F-23F73E8837D3}.Debug|x86.ActiveCfg = Debug|Any CPU
		{AEDAA885-FF11-41CB-996F-23F73E8837D3}.Debug|x86.Build.0 = Debug|Any CPU
		{AEDAA885-FF11-41CB-996F-23F73E8837D3}.Release|Any CPU.ActiveCfg = Release|Any CPU
		{AEDAA885-FF11-41CB-996F-23F73E8837D3}.Release|Any CPU.Build.0 = Release|Any CPU
		{AEDAA885-FF11-41CB-996F-23F73E8837D3}.Release|x64.ActiveCfg = Release|Any CPU
		{AEDAA885-FF11-41CB-996F-23F73E8837D3}.Release|x64.Build.0 = Release|Any CPU
		{AEDAA885-FF11-41CB-996F-23F73E8837D3}.Release|x86.ActiveCfg = Release|Any CPU
		{AEDAA885-FF11-41CB-996F-23F73E8837D3}.Release|x86.Build.0 = Release|Any CPU
		{93AB6AAC-2177-4D5A-9662-A6BEA7FD6D9E}.Debug|Any CPU.ActiveCfg = Debug|Any CPU
		{93AB6AAC-2177-4D5A-9662-A6BEA7FD6D9E}.Debug|Any CPU.Build.0 = Debug|Any CPU
		{93AB6AAC-2177-4D5A-9662-A6BEA7FD6D9E}.Debug|x64.ActiveCfg = Debug|Any CPU
		{93AB6AAC-2177-4D5A-9662-A6BEA7FD6D9E}.Debug|x64.Build.0 = Debug|Any CPU
		{93AB6AAC-2177-4D5A-9662-A6BEA7FD6D9E}.Debug|x86.ActiveCfg = Debug|Any CPU
		{93AB6AAC-2177-4D5A-9662-A6BEA7FD6D9E}.Debug|x86.Build.0 = Debug|Any CPU
		{93AB6AAC-2177-4D5A-9662-A6BEA7FD6D9E}.Release|Any CPU.ActiveCfg = Release|Any CPU
		{93AB6AAC-2177-4D5A-9662-A6BEA7FD6D9E}.Release|Any CPU.Build.0 = Release|Any CPU
		{93AB6AAC-2177-4D5A-9662-A6BEA7FD6D9E}.Release|x64.ActiveCfg = Release|Any CPU
		{93AB6AAC-2177-4D5A-9662-A6BEA7FD6D9E}.Release|x64.Build.0 = Release|Any CPU
		{93AB6AAC-2177-4D5A-9662-A6BEA7FD6D9E}.Release|x86.ActiveCfg = Release|Any CPU
		{93AB6AAC-2177-4D5A-9662-A6BEA7FD6D9E}.Release|x86.Build.0 = Release|Any CPU
		{F270DC2D-75B8-4548-8C8E-7AECD5EDAA64}.Debug|Any CPU.ActiveCfg = Debug|Any CPU
		{F270DC2D-75B8-4548-8C8E-7AECD5EDAA64}.Debug|Any CPU.Build.0 = Debug|Any CPU
		{F270DC2D-75B8-4548-8C8E-7AECD5EDAA64}.Debug|x64.ActiveCfg = Debug|Any CPU
		{F270DC2D-75B8-4548-8C8E-7AECD5EDAA64}.Debug|x64.Build.0 = Debug|Any CPU
		{F270DC2D-75B8-4548-8C8E-7AECD5EDAA64}.Debug|x86.ActiveCfg = Debug|Any CPU
		{F270DC2D-75B8-4548-8C8E-7AECD5EDAA64}.Debug|x86.Build.0 = Debug|Any CPU
		{F270DC2D-75B8-4548-8C8E-7AECD5EDAA64}.Release|Any CPU.ActiveCfg = Release|Any CPU
		{F270DC2D-75B8-4548-8C8E-7AECD5EDAA64}.Release|Any CPU.Build.0 = Release|Any CPU
		{F270DC2D-75B8-4548-8C8E-7AECD5EDAA64}.Release|x64.ActiveCfg = Release|Any CPU
		{F270DC2D-75B8-4548-8C8E-7AECD5EDAA64}.Release|x64.Build.0 = Release|Any CPU
		{F270DC2D-75B8-4548-8C8E-7AECD5EDAA64}.Release|x86.ActiveCfg = Release|Any CPU
		{F270DC2D-75B8-4548-8C8E-7AECD5EDAA64}.Release|x86.Build.0 = Release|Any CPU
		{5DB79594-0E69-433B-8C52-77AACDA17BEA}.Debug|Any CPU.ActiveCfg = Debug|Any CPU
		{5DB79594-0E69-433B-8C52-77AACDA17BEA}.Debug|Any CPU.Build.0 = Debug|Any CPU
		{5DB79594-0E69-433B-8C52-77AACDA17BEA}.Debug|x64.ActiveCfg = Debug|Any CPU
		{5DB79594-0E69-433B-8C52-77AACDA17BEA}.Debug|x64.Build.0 = Debug|Any CPU
		{5DB79594-0E69-433B-8C52-77AACDA17BEA}.Debug|x86.ActiveCfg = Debug|Any CPU
		{5DB79594-0E69-433B-8C52-77AACDA17BEA}.Debug|x86.Build.0 = Debug|Any CPU
		{5DB79594-0E69-433B-8C52-77AACDA17BEA}.Release|Any CPU.ActiveCfg = Release|Any CPU
		{5DB79594-0E69-433B-8C52-77AACDA17BEA}.Release|Any CPU.Build.0 = Release|Any CPU
		{5DB79594-0E69-433B-8C52-77AACDA17BEA}.Release|x64.ActiveCfg = Release|Any CPU
		{5DB79594-0E69-433B-8C52-77AACDA17BEA}.Release|x64.Build.0 = Release|Any CPU
		{5DB79594-0E69-433B-8C52-77AACDA17BEA}.Release|x86.ActiveCfg = Release|Any CPU
		{5DB79594-0E69-433B-8C52-77AACDA17BEA}.Release|x86.Build.0 = Release|Any CPU
		{8D60B45F-F730-418E-AA09-7430E039394A}.Debug|Any CPU.ActiveCfg = Debug|Any CPU
		{8D60B45F-F730-418E-AA09-7430E039394A}.Debug|Any CPU.Build.0 = Debug|Any CPU
		{8D60B45F-F730-418E-AA09-7430E039394A}.Debug|x64.ActiveCfg = Debug|Any CPU
		{8D60B45F-F730-418E-AA09-7430E039394A}.Debug|x64.Build.0 = Debug|Any CPU
		{8D60B45F-F730-418E-AA09-7430E039394A}.Debug|x86.ActiveCfg = Debug|Any CPU
		{8D60B45F-F730-418E-AA09-7430E039394A}.Debug|x86.Build.0 = Debug|Any CPU
		{8D60B45F-F730-418E-AA09-7430E039394A}.Release|Any CPU.ActiveCfg = Release|Any CPU
		{8D60B45F-F730-418E-AA09-7430E039394A}.Release|Any CPU.Build.0 = Release|Any CPU
		{8D60B45F-F730-418E-AA09-7430E039394A}.Release|x64.ActiveCfg = Release|Any CPU
		{8D60B45F-F730-418E-AA09-7430E039394A}.Release|x64.Build.0 = Release|Any CPU
		{8D60B45F-F730-418E-AA09-7430E039394A}.Release|x86.ActiveCfg = Release|Any CPU
		{8D60B45F-F730-418E-AA09-7430E039394A}.Release|x86.Build.0 = Release|Any CPU
		{A93F6FBB-5A74-45D7-B207-5BDA5B6A5364}.Debug|Any CPU.ActiveCfg = Debug|Any CPU
		{A93F6FBB-5A74-45D7-B207-5BDA5B6A5364}.Debug|Any CPU.Build.0 = Debug|Any CPU
		{A93F6FBB-5A74-45D7-B207-5BDA5B6A5364}.Debug|x64.ActiveCfg = Debug|Any CPU
		{A93F6FBB-5A74-45D7-B207-5BDA5B6A5364}.Debug|x64.Build.0 = Debug|Any CPU
		{A93F6FBB-5A74-45D7-B207-5BDA5B6A5364}.Debug|x86.ActiveCfg = Debug|Any CPU
		{A93F6FBB-5A74-45D7-B207-5BDA5B6A5364}.Debug|x86.Build.0 = Debug|Any CPU
		{A93F6FBB-5A74-45D7-B207-5BDA5B6A5364}.Release|Any CPU.ActiveCfg = Release|Any CPU
		{A93F6FBB-5A74-45D7-B207-5BDA5B6A5364}.Release|Any CPU.Build.0 = Release|Any CPU
		{A93F6FBB-5A74-45D7-B207-5BDA5B6A5364}.Release|x64.ActiveCfg = Release|Any CPU
		{A93F6FBB-5A74-45D7-B207-5BDA5B6A5364}.Release|x64.Build.0 = Release|Any CPU
		{A93F6FBB-5A74-45D7-B207-5BDA5B6A5364}.Release|x86.ActiveCfg = Release|Any CPU
		{A93F6FBB-5A74-45D7-B207-5BDA5B6A5364}.Release|x86.Build.0 = Release|Any CPU
		{ACEF3653-C362-43D8-9654-A601B7FFE3A7}.Debug|Any CPU.ActiveCfg = Debug|Any CPU
		{ACEF3653-C362-43D8-9654-A601B7FFE3A7}.Debug|Any CPU.Build.0 = Debug|Any CPU
		{ACEF3653-C362-43D8-9654-A601B7FFE3A7}.Debug|x64.ActiveCfg = Debug|Any CPU
		{ACEF3653-C362-43D8-9654-A601B7FFE3A7}.Debug|x64.Build.0 = Debug|Any CPU
		{ACEF3653-C362-43D8-9654-A601B7FFE3A7}.Debug|x86.ActiveCfg = Debug|Any CPU
		{ACEF3653-C362-43D8-9654-A601B7FFE3A7}.Debug|x86.Build.0 = Debug|Any CPU
		{ACEF3653-C362-43D8-9654-A601B7FFE3A7}.Release|Any CPU.ActiveCfg = Release|Any CPU
		{ACEF3653-C362-43D8-9654-A601B7FFE3A7}.Release|Any CPU.Build.0 = Release|Any CPU
		{ACEF3653-C362-43D8-9654-A601B7FFE3A7}.Release|x64.ActiveCfg = Release|Any CPU
		{ACEF3653-C362-43D8-9654-A601B7FFE3A7}.Release|x64.Build.0 = Release|Any CPU
		{ACEF3653-C362-43D8-9654-A601B7FFE3A7}.Release|x86.ActiveCfg = Release|Any CPU
		{ACEF3653-C362-43D8-9654-A601B7FFE3A7}.Release|x86.Build.0 = Release|Any CPU
	EndGlobalSection
	GlobalSection(SolutionProperties) = preSolution
		HideSolutionNode = FALSE
	EndGlobalSection
	GlobalSection(NestedProjects) = preSolution
		{C6AF4AC2-73BD-464A-BA62-7098F541CF47} = {827E0CD3-B72D-47B6-A68D-7590B98EB39B}
		{EC32F8DD-9E79-499A-825D-5062ABA89DE5} = {79DEDDC6-6963-F508-0BD2-ED747C83B0CE}
		{882AEFA4-5267-482D-95A9-24ECF88090AD} = {827E0CD3-B72D-47B6-A68D-7590B98EB39B}
		{AEDAA885-FF11-41CB-996F-23F73E8837D3} = {79DEDDC6-6963-F508-0BD2-ED747C83B0CE}
		{93AB6AAC-2177-4D5A-9662-A6BEA7FD6D9E} = {827E0CD3-B72D-47B6-A68D-7590B98EB39B}
		{F270DC2D-75B8-4548-8C8E-7AECD5EDAA64} = {827E0CD3-B72D-47B6-A68D-7590B98EB39B}
		{5DB79594-0E69-433B-8C52-77AACDA17BEA} = {79DEDDC6-6963-F508-0BD2-ED747C83B0CE}
		{8D60B45F-F730-418E-AA09-7430E039394A} = {79DEDDC6-6963-F508-0BD2-ED747C83B0CE}
		{A93F6FBB-5A74-45D7-B207-5BDA5B6A5364} = {827E0CD3-B72D-47B6-A68D-7590B98EB39B}
		{ACEF3653-C362-43D8-9654-A601B7FFE3A7} = {79DEDDC6-6963-F508-0BD2-ED747C83B0CE}
	EndGlobalSection
EndGlobal
